
Microsoft Visual Studio Solution File, Format Version 12.00
# Visual Studio Version 17
VisualStudioVersion = 17.3.32922.545
MinimumVisualStudioVersion = 10.0.40219.1
Project("{9A19103F-16F7-4668-BE54-9A1E7A4F7556}") = "estetica-api", "estetica-api\estetica-api.csproj", "{FF49C434-6C26-4B2B-B430-03317B156448}"
EndProject
Global
	GlobalSection(SolutionConfigurationPlatforms) = preSolution
		Debug|Any CPU = Debug|Any CPU
		Release|Any CPU = Release|Any CPU
	EndGlobalSection
	GlobalSection(ProjectConfigurationPlatforms) = postSolution
		{FF49C434-6C26-4B2B-B430-03317B156448}.Debug|Any CPU.ActiveCfg = Debug|Any CPU
		{FF49C434-6C26-4B2B-B430-03317B156448}.Debug|Any CPU.Build.0 = Debug|Any CPU
		{FF49C434-6C26-4B2B-B430-03317B156448}.Release|Any CPU.ActiveCfg = Release|Any CPU
		{FF49C434-6C26-4B2B-B430-03317B156448}.Release|Any CPU.Build.0 = Release|Any CPU
	EndGlobalSection
	GlobalSection(SolutionProperties) = preSolution
		HideSolutionNode = FALSE
	EndGlobalSection
	GlobalSection(ExtensibilityGlobals) = postSolution
		SolutionGuid = {9F709093-6754-4CEB-9B1C-0AB86B71703F}
	EndGlobalSection
EndGlobal
